
Microsoft Visual Studio Solution File, Format Version 12.00
# Visual Studio 15
VisualStudioVersion = 15.0.26430.6
MinimumVisualStudioVersion = 10.0.40219.1
Project("{FAE04EC0-301F-11D3-BF4B-00C04F79EFBC}") = "WinForm.双缓冲实例", "WinForm.双缓冲实例\WinForm.双缓冲实例.csproj", "{A364D028-EF58-4B2E-A165-A69237D21D15}"
EndProject
Project("{FAE04EC0-301F-11D3-BF4B-00C04F79EFBC}") = "WinForm.房态图", "WinForm.房态图\WinForm.房态图.csproj", "{28838DF6-358F-4149-A6D3-37E5287E60C7}"
EndProject
Project("{2150E333-8FDC-42A3-9474-1A3956D46DE8}") = "Solution Items", "Solution Items", "{B6EE338F-5AE5-4A7D-90C9-E8185917C497}"
	ProjectSection(SolutionItems) = preProject
		资料.txt = 资料.txt
	EndProjectSection
EndProject
Project("{FAE04EC0-301F-11D3-BF4B-00C04F79EFBC}") = "GDIPlusDemo", "GDIPlusDemo\GDIPlusDemo.csproj", "{5E269AEC-67D5-4FE5-B533-5182C4E6B772}"
EndProject
Project("{FAE04EC0-301F-11D3-BF4B-00C04F79EFBC}") = "EasyPhoto", "EasyPhoto\EasyPhoto.csproj", "{6816DAB0-460F-4A1F-9A78-9438B03040D7}"
EndProject
Project("{2150E333-8FDC-42A3-9474-1A3956D46DE8}") = "CAD", "CAD", "{654AEA5F-40BA-4432-93BC-BF6924C264C4}"
EndProject
Project("{FAE04EC0-301F-11D3-BF4B-00C04F79EFBC}") = "Canvas", "Canvas\Canvas.csproj", "{48B26EC8-159F-450B-B21E-5214B9FD7453}"
EndProject
Project("{FAE04EC0-301F-11D3-BF4B-00C04F79EFBC}") = "CommonTools", "CommonTools\CommonTools.csproj", "{C0FF92D2-61F1-4934-89FF-2DE364E0974E}"
EndProject
Project("{2150E333-8FDC-42A3-9474-1A3956D46DE8}") = "平面图", "平面图", "{C566A62A-2EF7-4E7C-9232-1090E986E71F}"
EndProject
Project("{FAE04EC0-301F-11D3-BF4B-00C04F79EFBC}") = "Plan", "Plan\Plan.csproj", "{CD986873-7C0C-481A-B2A4-16DC81DC664B}"
EndProject
Global
	GlobalSection(SolutionConfigurationPlatforms) = preSolution
		Debug|Any CPU = Debug|Any CPU
		Release|Any CPU = Release|Any CPU
	EndGlobalSection
	GlobalSection(ProjectConfigurationPlatforms) = postSolution
		{A364D028-EF58-4B2E-A165-A69237D21D15}.Debug|Any CPU.ActiveCfg = Debug|Any CPU
		{A364D028-EF58-4B2E-A165-A69237D21D15}.Debug|Any CPU.Build.0 = Debug|Any CPU
		{A364D028-EF58-4B2E-A165-A69237D21D15}.Release|Any CPU.ActiveCfg = Release|Any CPU
		{A364D028-EF58-4B2E-A165-A69237D21D15}.Release|Any CPU.Build.0 = Release|Any CPU
		{28838DF6-358F-4149-A6D3-37E5287E60C7}.Debug|Any CPU.ActiveCfg = Debug|Any CPU
		{28838DF6-358F-4149-A6D3-37E5287E60C7}.Debug|Any CPU.Build.0 = Debug|Any CPU
		{28838DF6-358F-4149-A6D3-37E5287E60C7}.Release|Any CPU.ActiveCfg = Release|Any CPU
		{28838DF6-358F-4149-A6D3-37E5287E60C7}.Release|Any CPU.Build.0 = Release|Any CPU
		{5E269AEC-67D5-4FE5-B533-5182C4E6B772}.Debug|Any CPU.ActiveCfg = Debug|Any CPU
		{5E269AEC-67D5-4FE5-B533-5182C4E6B772}.Debug|Any CPU.Build.0 = Debug|Any CPU
		{5E269AEC-67D5-4FE5-B533-5182C4E6B772}.Release|Any CPU.ActiveCfg = Release|Any CPU
		{5E269AEC-67D5-4FE5-B533-5182C4E6B772}.Release|Any CPU.Build.0 = Release|Any CPU
		{6816DAB0-460F-4A1F-9A78-9438B03040D7}.Debug|Any CPU.ActiveCfg = Debug|Any CPU
		{6816DAB0-460F-4A1F-9A78-9438B03040D7}.Debug|Any CPU.Build.0 = Debug|Any CPU
		{6816DAB0-460F-4A1F-9A78-9438B03040D7}.Release|Any CPU.ActiveCfg = Release|Any CPU
		{6816DAB0-460F-4A1F-9A78-9438B03040D7}.Release|Any CPU.Build.0 = Release|Any CPU
		{48B26EC8-159F-450B-B21E-5214B9FD7453}.Debug|Any CPU.ActiveCfg = Debug|Any CPU
		{48B26EC8-159F-450B-B21E-5214B9FD7453}.Debug|Any CPU.Build.0 = Debug|Any CPU
		{48B26EC8-159F-450B-B21E-5214B9FD7453}.Release|Any CPU.ActiveCfg = Release|Any CPU
		{48B26EC8-159F-450B-B21E-5214B9FD7453}.Release|Any CPU.Build.0 = Release|Any CPU
		{C0FF92D2-61F1-4934-89FF-2DE364E0974E}.Debug|Any CPU.ActiveCfg = Debug|Any CPU
		{C0FF92D2-61F1-4934-89FF-2DE364E0974E}.Debug|Any CPU.Build.0 = Debug|Any CPU
		{C0FF92D2-61F1-4934-89FF-2DE364E0974E}.Release|Any CPU.ActiveCfg = Release|Any CPU
		{C0FF92D2-61F1-4934-89FF-2DE364E0974E}.Release|Any CPU.Build.0 = Release|Any CPU
		{CD986873-7C0C-481A-B2A4-16DC81DC664B}.Debug|Any CPU.ActiveCfg = Debug|Any CPU
		{CD986873-7C0C-481A-B2A4-16DC81DC664B}.Debug|Any CPU.Build.0 = Debug|Any CPU
		{CD986873-7C0C-481A-B2A4-16DC81DC664B}.Release|Any CPU.ActiveCfg = Release|Any CPU
		{CD986873-7C0C-481A-B2A4-16DC81DC664B}.Release|Any CPU.Build.0 = Release|Any CPU
	EndGlobalSection
	GlobalSection(SolutionProperties) = preSolution
		HideSolutionNode = FALSE
	EndGlobalSection
	GlobalSection(NestedProjects) = preSolution
		{48B26EC8-159F-450B-B21E-5214B9FD7453} = {654AEA5F-40BA-4432-93BC-BF6924C264C4}
		{C0FF92D2-61F1-4934-89FF-2DE364E0974E} = {654AEA5F-40BA-4432-93BC-BF6924C264C4}
		{CD986873-7C0C-481A-B2A4-16DC81DC664B} = {C566A62A-2EF7-4E7C-9232-1090E986E71F}
	EndGlobalSection
EndGlobal
